
Microsoft Visual Studio Solution File, Format Version 12.00
# Visual Studio Version 16
VisualStudioVersion = 16.0.29201.188
MinimumVisualStudioVersion = 10.0.40219.1
Project("{FAE04EC0-301F-11D3-BF4B-00C04F79EFBC}") = "URFSpam", "URFSpam.csproj", "{B3A82688-DF00-4CA6-94DB-E513A716AB78}"
EndProject
Global
	GlobalSection(SolutionConfigurationPlatforms) = preSolution
		Debug|Any CPU = Debug|Any CPU
		Release|Any CPU = Release|Any CPU
	EndGlobalSection
	GlobalSection(ProjectConfigurationPlatforms) = postSolution
		{B3A82688-DF00-4CA6-94DB-E513A716AB78}.Debug|Any CPU.ActiveCfg = Debug|Any CPU
		{B3A82688-DF00-4CA6-94DB-E513A716AB78}.Debug|Any CPU.Build.0 = Debug|Any CPU
		{B3A82688-DF00-4CA6-94DB-E513A716AB78}.Release|Any CPU.ActiveCfg = Release|Any CPU
		{B3A82688-DF00-4CA6-94DB-E513A716AB78}.Release|Any CPU.Build.0 = Release|Any CPU
	EndGlobalSection
	GlobalSection(SolutionProperties) = preSolution
		HideSolutionNode = FALSE
	EndGlobalSection
	GlobalSection(ExtensibilityGlobals) = postSolution
		SolutionGuid = {58934006-3017-48BE-9C7D-2103994F4F6D}
	EndGlobalSection
EndGlobal
